{
  "name": "npmdemo",
  "version": "1.0.0",
  "lockfileVersion": 1,
  "requires": true,
  "dependencies": {
    "@node-redis/client": {
      "version": "1.0.1",
      "resolved": "https://registry.npmmirror.com/@node-redis/client/download/@node-redis/client-1.0.1.tgz",
      "integrity": "sha512-o0I4LdzJXP6QYxRnBPrQ7cIG5tF3SNM/PBnjC3mV6QkzIiGRElzWqSr9a9JCJdcyB1SIA80bhgGhpdTpCQ1Sdw==",
      "requires": {
        "cluster-key-slot": "1.1.0",
        "generic-pool": "3.8.2",
        "redis-parser": "3.0.0",
        "yallist": "4.0.0"
      }
    },
    "@node-redis/json": {
      "version": "1.0.1",
      "resolved": "https://registry.npmmirror.com/@node-redis/json/download/@node-redis/json-1.0.1.tgz",
      "integrity": "sha512-2EB96ZN0yUr4mgA9Odme48jX8eF5Ji0jrsRn4rLfEhME7L3rHLdKeUfxJKxbPOxadP6k8+6ViElxPZrKuV2nvQ=="
    },
    "@node-redis/search": {
      "version": "1.0.1",
      "resolved": "https://registry.npmmirror.com/@node-redis/search/download/@node-redis/search-1.0.1.tgz",
      "integrity": "sha512-iA2Gw6gr0X6IfNSjTyme9W1tDlLkwQ1bPApo4s8aVwZ2Ju8Z4COVik0vT6BJPRin79f5xPZgnaec3DIoC2UpHA=="
    },
    "@node-redis/time-series": {
      "version": "1.0.0",
      "resolved": "https://registry.npmmirror.com/@node-redis/time-series/download/@node-redis/time-series-1.0.0.tgz",
      "integrity": "sha512-QcaCIL/DlYJXedSfmjF+IRxKJbBUXBrjA5Gv0IiPlXXFFOkRnbPGKq6hmwBAAWyk1U03wyBHDFKVS3/9GnZV8g=="
    },
    "bignumber.js": {
      "version": "9.0.0",
      "resolved": "https://registry.npmmirror.com/bignumber.js/download/bignumber.js-9.0.0.tgz",
      "integrity": "sha512-t/OYhhJ2SD+YGBQcjY8GzzDHEk9f3nerxjtfa6tlMXfe7frs/WozhvCNoGvpM0P3bNf3Gq5ZRMlGr5f3r4/N8A=="
    },
    "cluster-key-slot": {
      "version": "1.1.0",
      "resolved": "https://registry.nlark.com/cluster-key-slot/download/cluster-key-slot-1.1.0.tgz",
      "integrity": "sha1-MEdLKpgfsSFyaVgzBSvA0BM20Q0="
    },
    "core-util-is": {
      "version": "1.0.3",
      "resolved": "https://registry.nlark.com/core-util-is/download/core-util-is-1.0.3.tgz",
      "integrity": "sha1-pgQtNjTCsn6TKPg3uWX6yDgI24U="
    },
    "generic-pool": {
      "version": "3.8.2",
      "resolved": "https://registry.nlark.com/generic-pool/download/generic-pool-3.8.2.tgz",
      "integrity": "sha1-qrTygK21Iv373F5bZNcY02g/BOk="
    },
    "inherits": {
      "version": "2.0.4",
      "resolved": "https://registry.npm.taobao.org/inherits/download/inherits-2.0.4.tgz",
      "integrity": "sha1-D6LGT5MpF8NDOg3tVTY6rjdBa3w="
    },
    "isarray": {
      "version": "1.0.0",
      "resolved": "https://registry.npm.taobao.org/isarray/download/isarray-1.0.0.tgz",
      "integrity": "sha1-u5NdSFgsuhaMBoNJV6VKPgcSTxE="
    },
    "mysql": {
      "version": "2.18.1",
      "resolved": "https://registry.npmmirror.com/mysql/download/mysql-2.18.1.tgz",
      "integrity": "sha512-Bca+gk2YWmqp2Uf6k5NFEurwY/0td0cpebAucFpY/3jhrwrVGuxU2uQFCHjU19SJfje0yQvi+rVWdq78hR5lig==",
      "requires": {
        "bignumber.js": "9.0.0",
        "readable-stream": "2.3.7",
        "safe-buffer": "5.1.2",
        "sqlstring": "2.3.1"
      }
    },
    "process-nextick-args": {
      "version": "2.0.1",
      "resolved": "https://registry.npm.taobao.org/process-nextick-args/download/process-nextick-args-2.0.1.tgz",
      "integrity": "sha1-eCDZsWEgzFXKmud5JoCufbptf+I="
    },
    "readable-stream": {
      "version": "2.3.7",
      "resolved": "https://registry.npm.taobao.org/readable-stream/download/readable-stream-2.3.7.tgz",
      "integrity": "sha1-Hsoc9xGu+BTAT2IlKjamL2yyO1c=",
      "requires": {
        "core-util-is": "~1.0.0",
        "inherits": "~2.0.3",
        "isarray": "~1.0.0",
        "process-nextick-args": "~2.0.0",
        "safe-buffer": "~5.1.1",
        "string_decoder": "~1.1.1",
        "util-deprecate": "~1.0.1"
      }
    },
    "redis": {
      "version": "4.0.1",
      "resolved": "https://registry.npmmirror.com/redis/download/redis-4.0.1.tgz",
      "integrity": "sha512-qfcq1oz2ci7pNdCfTLLEuKhS8jZ17dFiT1exogOr+jd3EVP/h9qpy7K+VajB4BXA0k8q68KFqR6HrliKV6jt1Q==",
      "requires": {
        "@node-redis/client": "^1.0.1",
        "@node-redis/json": "^1.0.1",
        "@node-redis/search": "^1.0.1",
        "@node-redis/time-series": "^1.0.0"
      }
    },
    "redis-errors": {
      "version": "1.2.0",
      "resolved": "https://registry.npm.taobao.org/redis-errors/download/redis-errors-1.2.0.tgz",
      "integrity": "sha1-62LSrbFeTq9GEMBK/hUpOEJQq60="
    },
    "redis-parser": {
      "version": "3.0.0",
      "resolved": "https://registry.nlark.com/redis-parser/download/redis-parser-3.0.0.tgz",
      "integrity": "sha1-tm2CjNyv5rS4pCin3vTGvKwxyLQ=",
      "requires": {
        "redis-errors": "^1.0.0"
      }
    },
    "safe-buffer": {
      "version": "5.1.2",
      "resolved": "https://registry.npm.taobao.org/safe-buffer/download/safe-buffer-5.1.2.tgz",
      "integrity": "sha1-mR7GnSluAxN0fVm9/St0XDX4go0="
    },
    "sqlstring": {
      "version": "2.3.1",
      "resolved": "https://registry.nlark.com/sqlstring/download/sqlstring-2.3.1.tgz",
      "integrity": "sha1-R1OT/56RR5rqYtyvDKPRSYOn+0A="
    },
    "string_decoder": {
      "version": "1.1.1",
      "resolved": "https://registry.nlark.com/string_decoder/download/string_decoder-1.1.1.tgz",
      "integrity": "sha1-nPFhG6YmhdcDCunkujQUnDrwP8g=",
      "requires": {
        "safe-buffer": "~5.1.0"
      }
    },
    "util-deprecate": {
      "version": "1.0.2",
      "resolved": "https://registry.nlark.com/util-deprecate/download/util-deprecate-1.0.2.tgz",
      "integrity": "sha1-RQ1Nyfpw3nMnYvvS1KKJgUGaDM8="
    },
    "yallist": {
      "version": "4.0.0",
      "resolved": "https://registry.npm.taobao.org/yallist/download/yallist-4.0.0.tgz",
      "integrity": "sha1-m7knkNnA7/7GO+c1GeEaNQGaOnI="
    }
  }
}
